
Microsoft Visual Studio Solution File, Format Version 12.00
# Visual Studio 15
VisualStudioVersion = 15.0.33529.398
MinimumVisualStudioVersion = 10.0.40219.1
Project("{FAE04EC0-301F-11D3-BF4B-00C04F79EFBC}") = "test", "test\test.csproj", "{AF22BF29-88FF-4F62-B995-990BC217A392}"
EndProject
Global
	GlobalSection(SolutionConfigurationPlatforms) = preSolution
		Debug|Any CPU = Debug|Any CPU
		Release|Any CPU = Release|Any CPU
	EndGlobalSection
	GlobalSection(ProjectConfigurationPlatforms) = postSolution
		{AF22BF29-88FF-4F62-B995-990BC217A392}.Debug|Any CPU.ActiveCfg = Debug|Any CPU
		{AF22BF29-88FF-4F62-B995-990BC217A392}.Debug|Any CPU.Build.0 = Debug|Any CPU
		{AF22BF29-88FF-4F62-B995-990BC217A392}.Release|Any CPU.ActiveCfg = Release|Any CPU
		{AF22BF29-88FF-4F62-B995-990BC217A392}.Release|Any CPU.Build.0 = Release|Any CPU
	EndGlobalSection
	GlobalSection(SolutionProperties) = preSolution
		HideSolutionNode = FALSE
	EndGlobalSection
	GlobalSection(ExtensibilityGlobals) = postSolution
		SolutionGuid = {428BAF69-A613-480B-B626-E1118CD4E302}
	EndGlobalSection
EndGlobal
